// !$*UTF8*$!
{
	archiveVersion = 1;
	classes = {
	};
	objectVersion = 56;
	objects = {

/* Begin PBXBuildFile section */
		D3A9BF752B3BA36E00B4ED81 /* ClearCaptureApp.swift in Sources */ = {isa = PBXBuildFile; fileRef = D3A9BF742B3BA36E00B4ED81 /* ClearCaptureApp.swift */; };
		D3A9BF772B3BA36E00B4ED81 /* ContentView.swift in Sources */ = {isa = PBXBuildFile; fileRef = D3A9BF762B3BA36E00B4ED81 /* ContentView.swift */; };
		D3A9BF792B3BA36F00B4ED81 /* Assets.xcassets in Resources */ = {isa = PBXBuildFile; fileRef = D3A9BF782B3BA36F00B4ED81 /* Assets.xcassets */; };
		D3A9BF7C2B3BA36F00B4ED81 /* Preview Assets.xcassets in Resources */ = {isa = PBXBuildFile; fileRef = D3A9BF7B2B3BA36F00B4ED81 /* Preview Assets.xcassets */; };
		D3A9BF862B3BA36F00B4ED81 /* ClearCaptureTests.swift in Sources */ = {isa = PBXBuildFile; fileRef = D3A9BF852B3BA36F00B4ED81 /* ClearCaptureTests.swift */; };
		D3A9BF902B3BA36F00B4ED81 /* ClearCaptureUITests.swift in Sources */ = {isa = PBXBuildFile; fileRef = D3A9BF8F2B3BA36F00B4ED81 /* ClearCaptureUITests.swift */; };
		D3A9BF922B3BA36F00B4ED81 /* ClearCaptureUITestsLaunchTests.swift in Sources */ = {isa = PBXBuildFile; fileRef = D3A9BF912B3BA36F00B4ED81 /* ClearCaptureUITestsLaunchTests.swift */; };
/* End PBXBuildFile section */

/* Begin PBXContainerItemProxy section */
		D3A9BF822B3BA36F00B4ED81 /* PBXContainerItemProxy */ = {
			isa = PBXContainerItemProxy;
			containerPortal = D3A9BF692B3BA36E00B4ED81 /* Project object */;
			proxyType = 1;
			remoteGlobalIDString = D3A9BF702B3BA36E00B4ED81;
			remoteInfo = ClearCapture;
		};
		D3A9BF8C2B3BA36F00B4ED81 /* PBXContainerItemProxy */ = {
			isa = PBXContainerItemProxy;
			containerPortal = D3A9BF692B3BA36E00B4ED81 /* Project object */;
			proxyType = 1;
			remoteGlobalIDString = D3A9BF702B3BA36E00B4ED81;
			remoteInfo = ClearCapture;
		};
/* End PBXContainerItemProxy section */

/* Begin PBXFileReference section */
		D3A9BF712B3BA36E00B4ED81 /* ClearCapture.app */ = {isa = PBXFileReference; explicitFileType = wrapper.application; includeInIndex = 0; path = ClearCapture.app; sourceTree = BUILT_PRODUCTS_DIR; };
		D3A9BF742B3BA36E00B4ED81 /* ClearCaptureApp.swift */ = {isa = PBXFileReference; lastKnownFileType = sourcecode.swift; path = ClearCaptureApp.swift; sourceTree = "<group>"; };
		D3A9BF762B3BA36E00B4ED81 /* ContentView.swift */ = {isa = PBXFileReference; lastKnownFileType = sourcecode.swift; path = ContentView.swift; sourceTree = "<group>"; };
		D3A9BF782B3BA36F00B4ED81 /* Assets.xcassets */ = {isa = PBXFileReference; lastKnownFileType = folder.assetcatalog; path = Assets.xcassets; sourceTree = "<group>"; };
		D3A9BF7B2B3BA36F00B4ED81 /* Preview Assets.xcassets */ = {isa = PBXFileReference; lastKnownFileType = folder.assetcatalog; path = "Preview Assets.xcassets"; sourceTree = "<group>"; };
		D3A9BF812B3BA36F00B4ED81 /* ClearCaptureTests.xctest */ = {isa = PBXFileReference; explicitFileType = wrapper.cfbundle; includeInIndex = 0; path = ClearCaptureTests.xctest; sourceTree = BUILT_PRODUCTS_DIR; };
		D3A9BF852B3BA36F00B4ED81 /* ClearCaptureTests.swift */ = {isa = PBXFileReference; lastKnownFileType = sourcecode.swift; path = ClearCaptureTests.swift; sourceTree = "<group>"; };
		D3A9BF8B2B3BA36F00B4ED81 /* ClearCaptureUITests.xctest */ = {isa = PBXFileReference; explicitFileType = wrapper.cfbundle; includeInIndex = 0; path = ClearCaptureUITests.xctest; sourceTree = BUILT_PRODUCTS_DIR; };
		D3A9BF8F2B3BA36F00B4ED81 /* ClearCaptureUITests.swift */ = {isa = PBXFileReference; lastKnownFileType = sourcecode.swift; path = ClearCaptureUITests.swift; sourceTree = "<group>"; };
		D3A9BF912B3BA36F00B4ED81 /* ClearCaptureUITestsLaunchTests.swift */ = {isa = PBXFileReference; lastKnownFileType = sourcecode.swift; path = ClearCaptureUITestsLaunchTests.swift; sourceTree = "<group>"; };
/* End PBXFileReference section */

/* Begin PBXFrameworksBuildPhase section */
		D3A9BF6E2B3BA36E00B4ED81 /* Frameworks */ = {
			isa = PBXFrameworksBuildPhase;
			buildActionMask = 2147483647;
			files = (
			);
			runOnlyForDeploymentPostprocessing = 0;
		};
		D3A9BF7E2B3BA36F00B4ED81 /* Frameworks */ = {
			isa = PBXFrameworksBuildPhase;
			buildActionMask = 2147483647;
			files = (
			);
			runOnlyForDeploymentPostprocessing = 0;
		};
		D3A9BF882B3BA36F00B4ED81 /* Frameworks */ = {
			isa = PBXFrameworksBuildPhase;
			buildActionMask = 2147483647;
			files = (
			);
			runOnlyForDeploymentPostprocessing = 0;
		};
/* End PBXFrameworksBuildPhase section */

/* Begin PBXGroup section */
		D3A9BF682B3BA36E00B4ED81 = {
			isa = PBXGroup;
			children = (
				D3A9BF732B3BA36E00B4ED81 /* ClearCapture */,
				D3A9BF842B3BA36F00B4ED81 /* ClearCaptureTests */,
				D3A9BF8E2B3BA36F00B4ED81 /* ClearCaptureUITests */,
				D3A9BF722B3BA36E00B4ED81 /* Products */,
			);
			sourceTree = "<group>";
		};
		D3A9BF722B3BA36E00B4ED81 /* Products */ = {
			isa = PBXGroup;
			children = (
				D3A9BF712B3BA36E00B4ED81 /* ClearCapture.app */,
				D3A9BF812B3BA36F00B4ED81 /* ClearCaptureTests.xctest */,
				D3A9BF8B2B3BA36F00B4ED81 /* ClearCaptureUITests.xctest */,
			);
			name = Products;
			sourceTree = "<group>";
		};
		D3A9BF732B3BA36E00B4ED81 /* ClearCapture */ = {
			isa = PBXGroup;
			children = (
				D3A9BF742B3BA36E00B4ED81 /* ClearCaptureApp.swift */,
				D3A9BF762B3BA36E00B4ED81 /* ContentView.swift */,
				D3A9BF782B3BA36F00B4ED81 /* Assets.xcassets */,
				D3A9BF7A2B3BA36F00B4ED81 /* Preview Content */,
			);
			path = ClearCapture;
			sourceTree = "<group>";
		};
		D3A9BF7A2B3BA36F00B4ED81 /* Preview Content */ = {
			isa = PBXGroup;
			children = (
				D3A9BF7B2B3BA36F00B4ED81 /* Preview Assets.xcassets */,
			);
			path = "Preview Content";
			sourceTree = "<group>";
		};
		D3A9BF842B3BA36F00B4ED81 /* ClearCaptureTests */ = {
			isa = PBXGroup;
			children = (
				D3A9BF852B3BA36F00B4ED81 /* ClearCaptureTests.swift */,
			);
			path = ClearCaptureTests;
			sourceTree = "<group>";
		};
		D3A9BF8E2B3BA36F00B4ED81 /* ClearCaptureUITests */ = {
			isa = PBXGroup;
			children = (
				D3A9BF8F2B3BA36F00B4ED81 /* ClearCaptureUITests.swift */,
				D3A9BF912B3BA36F00B4ED81 /* ClearCaptureUITestsLaunchTests.swift */,
			);
			path = ClearCaptureUITests;
			sourceTree = "<group>";
		};
/* End PBXGroup section */

/* Begin PBXNativeTarget section */
		D3A9BF702B3BA36E00B4ED81 /* ClearCapture */ = {
			isa = PBXNativeTarget;
			buildConfigurationList = D3A9BF952B3BA36F00B4ED81 /* Build configuration list for PBXNativeTarget "ClearCapture" */;
			buildPhases = (
				D3A9BF6D2B3BA36E00B4ED81 /* Sources */,
				D3A9BF6E2B3BA36E00B4ED81 /* Frameworks */,
				D3A9BF6F2B3BA36E00B4ED81 /* Resources */,
			);
			buildRules = (
			);
			dependencies = (
			);
			name = ClearCapture;
			productName = ClearCapture;
			productReference = D3A9BF712B3BA36E00B4ED81 /* ClearCapture.app */;
			productType = "com.apple.product-type.application";
		};
		D3A9BF802B3BA36F00B4ED81 /* ClearCaptureTests */ = {
			isa = PBXNativeTarget;
			buildConfigurationList = D3A9BF982B3BA36F00B4ED81 /* Build configuration list for PBXNativeTarget "ClearCaptureTests" */;
			buildPhases = (
				D3A9BF7D2B3BA36F00B4ED81 /* Sources */,
				D3A9BF7E2B3BA36F00B4ED81 /* Frameworks */,
				D3A9BF7F2B3BA36F00B4ED81 /* Resources */,
			);
			buildRules = (
			);
			dependencies = (
				D3A9BF832B3BA36F00B4ED81 /* PBXTargetDependency */,
			);
			name = ClearCaptureTests;
			productName = ClearCaptureTests;
			productReference = D3A9BF812B3BA36F00B4ED81 /* ClearCaptureTests.xctest */;
			productType = "com.apple.product-type.bundle.unit-test";
		};
		D3A9BF8A2B3BA36F00B4ED81 /* ClearCaptureUITests */ = {
			isa = PBXNativeTarget;
			buildConfigurationList = D3A9BF9B2B3BA36F00B4ED81 /* Build configuration list for PBXNativeTarget "ClearCaptureUITests" */;
			buildPhases = (
				D3A9BF872B3BA36F00B4ED81 /* Sources */,
				D3A9BF882B3BA36F00B4ED81 /* Frameworks */,
				D3A9BF892B3BA36F00B4ED81 /* Resources */,
			);
			buildRules = (
			);
			dependencies = (
				D3A9BF8D2B3BA36F00B4ED81 /* PBXTargetDependency */,
			);
			name = ClearCaptureUITests;
			productName = ClearCaptureUITests;
			productReference = D3A9BF8B2B3BA36F00B4ED81 /* ClearCaptureUITests.xctest */;
			productType = "com.apple.product-type.bundle.ui-testing";
		};
/* End PBXNativeTarget section */

/* Begin PBXProject section */
		D3A9BF692B3BA36E00B4ED81 /* Project object */ = {
			isa = PBXProject;
			attributes = {
				BuildIndependentTargetsInParallel = 1;
				LastSwiftUpdateCheck = 1510;
				LastUpgradeCheck = 1510;
				TargetAttributes = {
					D3A9BF702B3BA36E00B4ED81 = {
						CreatedOnToolsVersion = 15.1;
					};
					D3A9BF802B3BA36F00B4ED81 = {
						CreatedOnToolsVersion = 15.1;
						TestTargetID = D3A9BF702B3BA36E00B4ED81;
					};
					D3A9BF8A2B3BA36F00B4ED81 = {
						CreatedOnToolsVersion = 15.1;
						TestTargetID = D3A9BF702B3BA36E00B4ED81;
					};
				};
			};
			buildConfigurationList = D3A9BF6C2B3BA36E00B4ED81 /* Build configuration list for PBXProject "ClearCapture" */;
			compatibilityVersion = "Xcode 14.0";
			developmentRegion = en;
			hasScannedForEncodings = 0;
			knownRegions = (
				en,
				Base,
			);
			mainGroup = D3A9BF682B3BA36E00B4ED81;
			productRefGroup = D3A9BF722B3BA36E00B4ED81 /* Products */;
			projectDirPath = "";
			projectRoot = "";
			targets = (
				D3A9BF702B3BA36E00B4ED81 /* ClearCapture */,
				D3A9BF802B3BA36F00B4ED81 /* ClearCaptureTests */,
				D3A9BF8A2B3BA36F00B4ED81 /* ClearCaptureUITests */,
			);
		};
/* End PBXProject section */

/* Begin PBXResourcesBuildPhase section */
		D3A9BF6F2B3BA36E00B4ED81 /* Resources */ = {
			isa = PBXResourcesBuildPhase;
			buildActionMask = 2147483647;
			files = (
				D3A9BF7C2B3BA36F00B4ED81 /* Preview Assets.xcassets in Resources */,
				D3A9BF792B3BA36F00B4ED81 /* Assets.xcassets in Resources */,
			);
			runOnlyForDeploymentPostprocessing = 0;
		};
		D3A9BF7F2B3BA36F00B4ED81 /* Resources */ = {
			isa = PBXResourcesBuildPhase;
			buildActionMask = 2147483647;
			files = (
			);
			runOnlyForDeploymentPostprocessing = 0;
		};
		D3A9BF892B3BA36F00B4ED81 /* Resources */ = {
			isa = PBXResourcesBuildPhase;
			buildActionMask = 2147483647;
			files = (
			);
			runOnlyForDeploymentPostprocessing = 0;
		};
/* End PBXResourcesBuildPhase section */

/* Begin PBXSourcesBuildPhase section */
		D3A9BF6D2B3BA36E00B4ED81 /* Sources */ = {
			isa = PBXSourcesBuildPhase;
			buildActionMask = 2147483647;
			files = (
				D3A9BF772B3BA36E00B4ED81 /* ContentView.swift in Sources */,
				D3A9BF752B3BA36E00B4ED81 /* ClearCaptureApp.swift in Sources */,
			);
			runOnlyForDeploymentPostprocessing = 0;
		};
		D3A9BF7D2B3BA36F00B4ED81 /* Sources */ = {
			isa = PBXSourcesBuildPhase;
			buildActionMask = 2147483647;
			files = (
				D3A9BF862B3BA36F00B4ED81 /* ClearCaptureTests.swift in Sources */,
			);
			runOnlyForDeploymentPostprocessing = 0;
		};
		D3A9BF872B3BA36F00B4ED81 /* Sources */ = {
			isa = PBXSourcesBuildPhase;
			buildActionMask = 2147483647;
			files = (
				D3A9BF902B3BA36F00B4ED81 /* ClearCaptureUITests.swift in Sources */,
				D3A9BF922B3BA36F00B4ED81 /* ClearCaptureUITestsLaunchTests.swift in Sources */,
			);
			runOnlyForDeploymentPostprocessing = 0;
		};
/* End PBXSourcesBuildPhase section */

/* Begin PBXTargetDependency section */
		D3A9BF832B3BA36F00B4ED81 /* PBXTargetDependency */ = {
			isa = PBXTargetDependency;
			target = D3A9BF702B3BA36E00B4ED81 /* ClearCapture */;
			targetProxy = D3A9BF822B3BA36F00B4ED81 /* PBXContainerItemProxy */;
		};
		D3A9BF8D2B3BA36F00B4ED81 /* PBXTargetDependency */ = {
			isa = PBXTargetDependency;
			target = D3A9BF702B3BA36E00B4ED81 /* ClearCapture */;
			targetProxy = D3A9BF8C2B3BA36F00B4ED81 /* PBXContainerItemProxy */;
		};
/* End PBXTargetDependency section */

/* Begin XCBuildConfiguration section */
		D3A9BF932B3BA36F00B4ED81 /* Debug */ = {
			isa = XCBuildConfiguration;
			buildSettings = {
				ALWAYS_SEARCH_USER_PATHS = NO;
				ASSETCATALOG_COMPILER_GENERATE_SWIFT_ASSET_SYMBOL_EXTENSIONS = YES;
				CLANG_ANALYZER_NONNULL = YES;
				CLANG_ANALYZER_NUMBER_OBJECT_CONVERSION = YES_AGGRESSIVE;
				CLANG_CXX_LANGUAGE_STANDARD = "gnu++20";
				CLANG_ENABLE_MODULES = YES;
				CLANG_ENABLE_OBJC_ARC = YES;
				CLANG_ENABLE_OBJC_WEAK = YES;
				CLANG_WARN_BLOCK_CAPTURE_AUTORELEASING = YES;
				CLANG_WARN_BOOL_CONVERSION = YES;
				CLANG_WARN_COMMA = YES;
				CLANG_WARN_CONSTANT_CONVERSION = YES;
				CLANG_WARN_DEPRECATED_OBJC_IMPLEMENTATIONS = YES;
				CLANG_WARN_DIRECT_OBJC_ISA_USAGE = YES_ERROR;
				CLANG_WARN_DOCUMENTATION_COMMENTS = YES;
				CLANG_WARN_EMPTY_BODY = YES;
				CLANG_WARN_ENUM_CONVERSION = YES;
				CLANG_WARN_INFINITE_RECURSION = YES;
				CLANG_WARN_INT_CONVERSION = YES;
				CLANG_WARN_NON_LITERAL_NULL_CONVERSION = YES;
				CLANG_WARN_OBJC_IMPLICIT_RETAIN_SELF = YES;
				CLANG_WARN_OBJC_LITERAL_CONVERSION = YES;
				CLANG_WARN_OBJC_ROOT_CLASS = YES_ERROR;
				CLANG_WARN_QUOTED_INCLUDE_IN_FRAMEWORK_HEADER = YES;
				CLANG_WARN_RANGE_LOOP_ANALYSIS = YES;
				CLANG_WARN_STRICT_PROTOTYPES = YES;
				CLANG_WARN_SUSPICIOUS_MOVE = YES;
				CLANG_WARN_UNGUARDED_AVAILABILITY = YES_AGGRESSIVE;
				CLANG_WARN_UNREACHABLE_CODE = YES;
				CLANG_WARN__DUPLICATE_METHOD_MATCH = YES;
				COPY_PHASE_STRIP = NO;
				DEBUG_INFORMATION_FORMAT = dwarf;
				ENABLE_STRICT_OBJC_MSGSEND = YES;
				ENABLE_TESTABILITY = YES;
				ENABLE_USER_SCRIPT_SANDBOXING = YES;
				GCC_C_LANGUAGE_STANDARD = gnu17;
				GCC_DYNAMIC_NO_PIC = NO;
				GCC_NO_COMMON_BLOCKS = YES;
				GCC_OPTIMIZATION_LEVEL = 0;
				GCC_PREPROCESSOR_DEFINITIONS = (
					"DEBUG=1",
					"$(inherited)",
				);
				GCC_WARN_64_TO_32_BIT_CONVERSION = YES;
				GCC_WARN_ABOUT_RETURN_TYPE = YES_ERROR;
				GCC_WARN_UNDECLARED_SELECTOR = YES;
				GCC_WARN_UNINITIALIZED_AUTOS = YES_AGGRESSIVE;
				GCC_WARN_UNUSED_FUNCTION = YES;
				GCC_WARN_UNUSED_VARIABLE = YES;
				IPHONEOS_DEPLOYMENT_TARGET = 17.2;
				LOCALIZATION_PREFERS_STRING_CATALOGS = YES;
				MTL_ENABLE_DEBUG_INFO = INCLUDE_SOURCE;
				MTL_FAST_MATH = YES;
				ONLY_ACTIVE_ARCH = YES;
				SDKROOT = iphoneos;
				SWIFT_ACTIVE_COMPILATION_CONDITIONS = "DEBUG $(inherited)";
				SWIFT_OPTIMIZATION_LEVEL = "-Onone";
			};
			name = Debug;
		};
		D3A9BF942B3BA36F00B4ED81 /* Release */ = {
			isa = XCBuildConfiguration;
			buildSettings = {
				ALWAYS_SEARCH_USER_PATHS = NO;
				ASSETCATALOG_COMPILER_GENERATE_SWIFT_ASSET_SYMBOL_EXTENSIONS = YES;
				CLANG_ANALYZER_NONNULL = YES;
				CLANG_ANALYZER_NUMBER_OBJECT_CONVERSION = YES_AGGRESSIVE;
				CLANG_CXX_LANGUAGE_STANDARD = "gnu++20";
				CLANG_ENABLE_MODULES = YES;
				CLANG_ENABLE_OBJC_ARC = YES;
				CLANG_ENABLE_OBJC_WEAK = YES;
				CLANG_WARN_BLOCK_CAPTURE_AUTORELEASING = YES;
				CLANG_WARN_BOOL_CONVERSION = YES;
				CLANG_WARN_COMMA = YES;
				CLANG_WARN_CONSTANT_CONVERSION = YES;
				CLANG_WARN_DEPRECATED_OBJC_IMPLEMENTATIONS = YES;
				CLANG_WARN_DIRECT_OBJC_ISA_USAGE = YES_ERROR;
				CLANG_WARN_DOCUMENTATION_COMMENTS = YES;
				CLANG_WARN_EMPTY_BODY = YES;
				CLANG_WARN_ENUM_CONVERSION = YES;
				CLANG_WARN_INFINITE_RECURSION = YES;
				CLANG_WARN_INT_CONVERSION = YES;
				CLANG_WARN_NON_LITERAL_NULL_CONVERSION = YES;
				CLANG_WARN_OBJC_IMPLICIT_RETAIN_SELF = YES;
				CLANG_WARN_OBJC_LITERAL_CONVERSION = YES;
				CLANG_WARN_OBJC_ROOT_CLASS = YES_ERROR;
				CLANG_WARN_QUOTED_INCLUDE_IN_FRAMEWORK_HEADER = YES;
				CLANG_WARN_RANGE_LOOP_ANALYSIS = YES;
				CLANG_WARN_STRICT_PROTOTYPES = YES;
				CLANG_WARN_SUSPICIOUS_MOVE = YES;
				CLANG_WARN_UNGUARDED_AVAILABILITY = YES_AGGRESSIVE;
				CLANG_WARN_UNREACHABLE_CODE = YES;
				CLANG_WARN__DUPLICATE_METHOD_MATCH = YES;
				COPY_PHASE_STRIP = NO;
				DEBUG_INFORMATION_FORMAT = "dwarf-with-dsym";
				ENABLE_NS_ASSERTIONS = NO;
				ENABLE_STRICT_OBJC_MSGSEND = YES;
				ENABLE_USER_SCRIPT_SANDBOXING = YES;
				GCC_C_LANGUAGE_STANDARD = gnu17;
				GCC_NO_COMMON_BLOCKS = YES;
				GCC_WARN_64_TO_32_BIT_CONVERSION = YES;
				GCC_WARN_ABOUT_RETURN_TYPE = YES_ERROR;
				GCC_WARN_UNDECLARED_SELECTOR = YES;
				GCC_WARN_UNINITIALIZED_AUTOS = YES_AGGRESSIVE;
				GCC_WARN_UNUSED_FUNCTION = YES;
				GCC_WARN_UNUSED_VARIABLE = YES;
				IPHONEOS_DEPLOYMENT_TARGET = 17.2;
				LOCALIZATION_PREFERS_STRING_CATALOGS = YES;
				MTL_ENABLE_DEBUG_INFO = NO;
				MTL_FAST_MATH = YES;
				SDKROOT = iphoneos;
				SWIFT_COMPILATION_MODE = wholemodule;
				VALIDATE_PRODUCT = YES;
			};
			name = Release;
		};
		D3A9BF962B3BA36F00B4ED81 /* Debug */ = {
			isa = XCBuildConfiguration;
			buildSettings = {
				ASSETCATALOG_COMPILER_APPICON_NAME = AppIcon;
				ASSETCATALOG_COMPILER_GLOBAL_ACCENT_COLOR_NAME = AccentColor;
				CODE_SIGN_STYLE = Automatic;
				CURRENT_PROJECT_VERSION = 1;
				DEVELOPMENT_ASSET_PATHS = "\"ClearCapture/Preview Content\"";
				DEVELOPMENT_TEAM = 2C2SU67V5H;
				ENABLE_PREVIEWS = YES;
				GENERATE_INFOPLIST_FILE = YES;
				INFOPLIST_KEY_UIApplicationSceneManifest_Generation = YES;
				INFOPLIST_KEY_UIApplicationSupportsIndirectInputEvents = YES;
				INFOPLIST_KEY_UILaunchScreen_Generation = YES;
				INFOPLIST_KEY_UISupportedInterfaceOrientations_iPad = "UIInterfaceOrientationPortrait UIInterfaceOrientationPortraitUpsideDown UIInterfaceOrientationLandscapeLeft UIInterfaceOrientationLandscapeRight";
				INFOPLIST_KEY_UISupportedInterfaceOrientations_iPhone = "UIInterfaceOrientationPortrait UIInterfaceOrientationLandscapeLeft UIInterfaceOrientationLandscapeRight";
				LD_RUNPATH_SEARCH_PATHS = (
					"$(inherited)",
					"@executable_path/Frameworks",
				);
				MARKETING_VERSION = 1.0;
				PRODUCT_BUNDLE_IDENTIFIER = com.piyushacharya.ClearCapture;
				PRODUCT_NAME = "$(TARGET_NAME)";
				SWIFT_EMIT_LOC_STRINGS = YES;
				SWIFT_VERSION = 5.0;
				TARGETED_DEVICE_FAMILY = "1,2";
			};
			name = Debug;
		};
		D3A9BF972B3BA36F00B4ED81 /* Release */ = {
			isa = XCBuildConfiguration;
			buildSettings = {
				ASSETCATALOG_COMPILER_APPICON_NAME = AppIcon;
				ASSETCATALOG_COMPILER_GLOBAL_ACCENT_COLOR_NAME = AccentColor;
				CODE_SIGN_STYLE = Automatic;
				CURRENT_PROJECT_VERSION = 1;
				DEVELOPMENT_ASSET_PATHS = "\"ClearCapture/Preview Content\"";
				DEVELOPMENT_TEAM = 2C2SU67V5H;
				ENABLE_PREVIEWS = YES;
				GENERATE_INFOPLIST_FILE = YES;
				INFOPLIST_KEY_UIApplicationSceneManifest_Generation = YES;
				INFOPLIST_KEY_UIApplicationSupportsIndirectInputEvents = YES;
				INFOPLIST_KEY_UILaunchScreen_Generation = YES;
				INFOPLIST_KEY_UISupportedInterfaceOrientations_iPad = "UIInterfaceOrientationPortrait UIInterfaceOrientationPortraitUpsideDown UIInterfaceOrientationLandscapeLeft UIInterfaceOrientationLandscapeRight";
				INFOPLIST_KEY_UISupportedInterfaceOrientations_iPhone = "UIInterfaceOrientationPortrait UIInterfaceOrientationLandscapeLeft UIInterfaceOrientationLandscapeRight";
				LD_RUNPATH_SEARCH_PATHS = (
					"$(inherited)",
					"@executable_path/Frameworks",
				);
				MARKETING_VERSION = 1.0;
				PRODUCT_BUNDLE_IDENTIFIER = com.piyushacharya.ClearCapture;
				PRODUCT_NAME = "$(TARGET_NAME)";
				SWIFT_EMIT_LOC_STRINGS = YES;
				SWIFT_VERSION = 5.0;
				TARGETED_DEVICE_FAMILY = "1,2";
			};
			name = Release;
		};
		D3A9BF992B3BA36F00B4ED81 /* Debug */ = {
			isa = XCBuildConfiguration;
			buildSettings = {
				ALWAYS_EMBED_SWIFT_STANDARD_LIBRARIES = YES;
				BUNDLE_LOADER = "$(TEST_HOST)";
				CODE_SIGN_STYLE = Automatic;
				CURRENT_PROJECT_VERSION = 1;
				DEVELOPMENT_TEAM = 2C2SU67V5H;
				GENERATE_INFOPLIST_FILE = YES;
				IPHONEOS_DEPLOYMENT_TARGET = 17.2;
				MARKETING_VERSION = 1.0;
				PRODUCT_BUNDLE_IDENTIFIER = com.piyushacharya.ClearCaptureTests;
				PRODUCT_NAME = "$(TARGET_NAME)";
				SWIFT_EMIT_LOC_STRINGS = NO;
				SWIFT_VERSION = 5.0;
				TARGETED_DEVICE_FAMILY = "1,2";
				TEST_HOST = "$(BUILT_PRODUCTS_DIR)/ClearCapture.app/$(BUNDLE_EXECUTABLE_FOLDER_PATH)/ClearCapture";
			};
			name = Debug;
		};
		D3A9BF9A2B3BA36F00B4ED81 /* Release */ = {
			isa = XCBuildConfiguration;
			buildSettings = {
				ALWAYS_EMBED_SWIFT_STANDARD_LIBRARIES = YES;
				BUNDLE_LOADER = "$(TEST_HOST)";
				CODE_SIGN_STYLE = Automatic;
				CURRENT_PROJECT_VERSION = 1;
				DEVELOPMENT_TEAM = 2C2SU67V5H;
				GENERATE_INFOPLIST_FILE = YES;
				IPHONEOS_DEPLOYMENT_TARGET = 17.2;
				MARKETING_VERSION = 1.0;
				PRODUCT_BUNDLE_IDENTIFIER = com.piyushacharya.ClearCaptureTests;
				PRODUCT_NAME = "$(TARGET_NAME)";
				SWIFT_EMIT_LOC_STRINGS = NO;
				SWIFT_VERSION = 5.0;
				TARGETED_DEVICE_FAMILY = "1,2";
				TEST_HOST = "$(BUILT_PRODUCTS_DIR)/ClearCapture.app/$(BUNDLE_EXECUTABLE_FOLDER_PATH)/ClearCapture";
			};
			name = Release;
		};
		D3A9BF9C2B3BA36F00B4ED81 /* Debug */ = {
			isa = XCBuildConfiguration;
			buildSettings = {
				ALWAYS_EMBED_SWIFT_STANDARD_LIBRARIES = YES;
				CODE_SIGN_STYLE = Automatic;
				CURRENT_PROJECT_VERSION = 1;
				DEVELOPMENT_TEAM = 2C2SU67V5H;
				GENERATE_INFOPLIST_FILE = YES;
				MARKETING_VERSION = 1.0;
				PRODUCT_BUNDLE_IDENTIFIER = com.piyushacharya.ClearCaptureUITests;
				PRODUCT_NAME = "$(TARGET_NAME)";
				SWIFT_EMIT_LOC_STRINGS = NO;
				SWIFT_VERSION = 5.0;
				TARGETED_DEVICE_FAMILY = "1,2";
				TEST_TARGET_NAME = ClearCapture;
			};
			name = Debug;
		};
		D3A9BF9D2B3BA36F00B4ED81 /* Release */ = {
			isa = XCBuildConfiguration;
			buildSettings = {
				ALWAYS_EMBED_SWIFT_STANDARD_LIBRARIES = YES;
				CODE_SIGN_STYLE = Automatic;
				CURRENT_PROJECT_VERSION = 1;
				DEVELOPMENT_TEAM = 2C2SU67V5H;
				GENERATE_INFOPLIST_FILE = YES;
				MARKETING_VERSION = 1.0;
				PRODUCT_BUNDLE_IDENTIFIER = com.piyushacharya.ClearCaptureUITests;
				PRODUCT_NAME = "$(TARGET_NAME)";
				SWIFT_EMIT_LOC_STRINGS = NO;
				SWIFT_VERSION = 5.0;
				TARGETED_DEVICE_FAMILY = "1,2";
				TEST_TARGET_NAME = ClearCapture;
			};
			name = Release;
		};
/* End XCBuildConfiguration section */

/* Begin XCConfigurationList section */
		D3A9BF6C2B3BA36E00B4ED81 /* Build configuration list for PBXProject "ClearCapture" */ = {
			isa = XCConfigurationList;
			buildConfigurations = (
				D3A9BF932B3BA36F00B4ED81 /* Debug */,
				D3A9BF942B3BA36F00B4ED81 /* Release */,
			);
			defaultConfigurationIsVisible = 0;
			defaultConfigurationName = Release;
		};
		D3A9BF952B3BA36F00B4ED81 /* Build configuration list for PBXNativeTarget "ClearCapture" */ = {
			isa = XCConfigurationList;
			buildConfigurations = (
				D3A9BF962B3BA36F00B4ED81 /* Debug */,
				D3A9BF972B3BA36F00B4ED81 /* Release */,
			);
			defaultConfigurationIsVisible = 0;
			defaultConfigurationName = Release;
		};
		D3A9BF982B3BA36F00B4ED81 /* Build configuration list for PBXNativeTarget "ClearCaptureTests" */ = {
			isa = XCConfigurationList;
			buildConfigurations = (
				D3A9BF992B3BA36F00B4ED81 /* Debug */,
				D3A9BF9A2B3BA36F00B4ED81 /* Release */,
			);
			defaultConfigurationIsVisible = 0;
			defaultConfigurationName = Release;
		};
		D3A9BF9B2B3BA36F00B4ED81 /* Build configuration list for PBXNativeTarget "ClearCaptureUITests" */ = {
			isa = XCConfigurationList;
			buildConfigurations = (
				D3A9BF9C2B3BA36F00B4ED81 /* Debug */,
				D3A9BF9D2B3BA36F00B4ED81 /* Release */,
			);
			defaultConfigurationIsVisible = 0;
			defaultConfigurationName = Release;
		};
/* End XCConfigurationList section */
	};
	rootObject = D3A9BF692B3BA36E00B4ED81 /* Project object */;
}
